// !$*UTF8*$!
{
	archiveVersion = 1;
	classes = {
	};
	objectVersion = 56;
	objects = {

/* Begin PBXBuildFile section */
		B819F6092CA5C78200BF2DFA /* CommentsUIIntegrationTests.swift in Sources */ = {isa = PBXBuildFile; fileRef = B819F6082CA5C78200BF2DFA /* CommentsUIIntegrationTests.swift */; };
		B819F60B2CA5C7EA00BF2DFA /* CommentsUIComposer.swift in Sources */ = {isa = PBXBuildFile; fileRef = B819F60A2CA5C7EA00BF2DFA /* CommentsUIComposer.swift */; };
		B8A6527F2BADFD760086A068 /* FeedImageDataLoaderWithFallbackTests.swift in Sources */ = {isa = PBXBuildFile; fileRef = B8A6527E2BADFD760086A068 /* FeedImageDataLoaderWithFallbackTests.swift */; };
		B8A652872BAE09620086A068 /* FeedImageDataLoaderWithFallbackComposite.swift in Sources */ = {isa = PBXBuildFile; fileRef = B8A652862BAE09620086A068 /* FeedImageDataLoaderWithFallbackComposite.swift */; };
		B8B8B5EF2BADD512006CB088 /* EssentialAppTests.swift in Sources */ = {isa = PBXBuildFile; fileRef = B8B8B5EE2BADD512006CB088 /* EssentialAppTests.swift */; };
		B8B8B5FC2BADE391006CB088 /* FeedLoaderWithFallbackComposite.swift in Sources */ = {isa = PBXBuildFile; fileRef = B8B8B5FB2BADE391006CB088 /* FeedLoaderWithFallbackComposite.swift */; };
		B8C1EACD2BC4279200DF7D8B /* SceneDelegateTests.swift in Sources */ = {isa = PBXBuildFile; fileRef = B8C1EACC2BC4279200DF7D8B /* SceneDelegateTests.swift */; };
		B8D3F45C2B8A4C1300043027 /* AppDelegate.swift in Sources */ = {isa = PBXBuildFile; fileRef = B8D3F45B2B8A4C1300043027 /* AppDelegate.swift */; };
		B8D3F45E2B8A4C1300043027 /* SceneDelegate.swift in Sources */ = {isa = PBXBuildFile; fileRef = B8D3F45D2B8A4C1300043027 /* SceneDelegate.swift */; };
		B8D3F4602B8A4C1300043027 /* ViewController.swift in Sources */ = {isa = PBXBuildFile; fileRef = B8D3F45F2B8A4C1300043027 /* ViewController.swift */; };
		B8D3F4652B8A4C1500043027 /* Assets.xcassets in Resources */ = {isa = PBXBuildFile; fileRef = B8D3F4642B8A4C1500043027 /* Assets.xcassets */; };
		B8D3F4682B8A4C1500043027 /* LaunchScreen.storyboard in Resources */ = {isa = PBXBuildFile; fileRef = B8D3F4662B8A4C1500043027 /* LaunchScreen.storyboard */; };
		B8DC4E692BEA64CB006A9A9D /* FeedImageDataLoaderCacheDecorator.swift in Sources */ = {isa = PBXBuildFile; fileRef = B8DC4E682BEA64CB006A9A9D /* FeedImageDataLoaderCacheDecorator.swift */; };
		B8DC4FC72BF2CF27006A9A9D /* EssentialFeediOS.framework in Frameworks */ = {isa = PBXBuildFile; fileRef = B8DC4FB32BF2A1AF006A9A9D /* EssentialFeediOS.framework */; };
		B8DC4FC82BF2CF27006A9A9D /* EssentialFeediOS.framework in Embed Frameworks */ = {isa = PBXBuildFile; fileRef = B8DC4FB32BF2A1AF006A9A9D /* EssentialFeediOS.framework */; settings = {ATTRIBUTES = (CodeSignOnCopy, RemoveHeadersOnCopy, ); }; };
		B8DC4FCA2BF2CF29006A9A9D /* EssentialFeedMacos.framework in Frameworks */ = {isa = PBXBuildFile; fileRef = B8DC4FAF2BF2A1AA006A9A9D /* EssentialFeedMacos.framework */; };
		B8DC4FCB2BF2CF29006A9A9D /* EssentialFeedMacos.framework in Embed Frameworks */ = {isa = PBXBuildFile; fileRef = B8DC4FAF2BF2A1AA006A9A9D /* EssentialFeedMacos.framework */; settings = {ATTRIBUTES = (CodeSignOnCopy, RemoveHeadersOnCopy, ); }; };
		B8E3C5932BC435FB00612E7C /* LoadResourcePresentationAdapter.swift in Sources */ = {isa = PBXBuildFile; fileRef = B8E3C5872BC435FA00612E7C /* LoadResourcePresentationAdapter.swift */; };
		B8E3C5942BC435FB00612E7C /* WeakRefVirtualProxy.swift in Sources */ = {isa = PBXBuildFile; fileRef = B8E3C58E2BC435FB00612E7C /* WeakRefVirtualProxy.swift */; };
		B8E3C5952BC435FB00612E7C /* MainQueueDispatchDecorator.swift in Sources */ = {isa = PBXBuildFile; fileRef = B8E3C58F2BC435FB00612E7C /* MainQueueDispatchDecorator.swift */; };
		B8E3C5962BC435FB00612E7C /* FeedImageDataLoaderPresentationAdapter.swift in Sources */ = {isa = PBXBuildFile; fileRef = B8E3C5902BC435FB00612E7C /* FeedImageDataLoaderPresentationAdapter.swift */; };
		B8E3C5972BC435FB00612E7C /* FeedViewAdapter.swift in Sources */ = {isa = PBXBuildFile; fileRef = B8E3C5912BC435FB00612E7C /* FeedViewAdapter.swift */; };
		B8E3C5982BC435FB00612E7C /* FeedUIComposer.swift in Sources */ = {isa = PBXBuildFile; fileRef = B8E3C5922BC435FB00612E7C /* FeedUIComposer.swift */; };
		B8E3C5A22BC4365100612E7C /* FeedUIIntegrationTests+Localization.swift in Sources */ = {isa = PBXBuildFile; fileRef = B8E3C5992BC4365100612E7C /* FeedUIIntegrationTests+Localization.swift */; };
		B8E3C5A32BC4365100612E7C /* FeedUIIntegration+LoaderSpy.swift in Sources */ = {isa = PBXBuildFile; fileRef = B8E3C59A2BC4365100612E7C /* FeedUIIntegration+LoaderSpy.swift */; };
		B8E3C5A42BC4365100612E7C /* UIControl+TestHelper.swift in Sources */ = {isa = PBXBuildFile; fileRef = B8E3C59B2BC4365100612E7C /* UIControl+TestHelper.swift */; };
		B8E3C5A52BC4365100612E7C /* UIButton+TestHelper.swift in Sources */ = {isa = PBXBuildFile; fileRef = B8E3C59C2BC4365100612E7C /* UIButton+TestHelper.swift */; };
		B8E3C5A62BC4365100612E7C /* RefreshControl+TestHelper.swift in Sources */ = {isa = PBXBuildFile; fileRef = B8E3C59D2BC4365100612E7C /* RefreshControl+TestHelper.swift */; };
		B8E3C5A72BC4365100612E7C /* FeedImageCell+TestHelper.swift in Sources */ = {isa = PBXBuildFile; fileRef = B8E3C59E2BC4365100612E7C /* FeedImageCell+TestHelper.swift */; };
		B8E3C5A82BC4365100612E7C /* FeedViewController+TestHelper.swift in Sources */ = {isa = PBXBuildFile; fileRef = B8E3C59F2BC4365100612E7C /* FeedViewController+TestHelper.swift */; };
		B8E3C5A92BC4365100612E7C /* FeedUIIntegrationTests+Assertions.swift in Sources */ = {isa = PBXBuildFile; fileRef = B8E3C5A02BC4365100612E7C /* FeedUIIntegrationTests+Assertions.swift */; };
		B8E3C5AA2BC4365100612E7C /* UIImage+TestHelpers.swift in Sources */ = {isa = PBXBuildFile; fileRef = B8E3C5A12BC4365100612E7C /* UIImage+TestHelpers.swift */; };
		B8E3C5AC2BC4366D00612E7C /* FeedUIIntegrationTests.swift in Sources */ = {isa = PBXBuildFile; fileRef = B8E3C5AB2BC4366D00612E7C /* FeedUIIntegrationTests.swift */; };
		B8E3C5AE2BC43A3000612E7C /* FeedAcceptanceTests.swift in Sources */ = {isa = PBXBuildFile; fileRef = B8E3C5AD2BC43A3000612E7C /* FeedAcceptanceTests.swift */; };
		B8F116C12C748AB50005038E /* CombineHelpers.swift in Sources */ = {isa = PBXBuildFile; fileRef = B8F116C02C748AB50005038E /* CombineHelpers.swift */; };
		B8FE37CE2BBC3B1500C34D74 /* FeedLoaderCacheDecoratorTests.swift in Sources */ = {isa = PBXBuildFile; fileRef = B8FE37CD2BBC3B1500C34D74 /* FeedLoaderCacheDecoratorTests.swift */; };
		B8FE37D72BBC3D8300C34D74 /* FeedLoaderStub.swift in Sources */ = {isa = PBXBuildFile; fileRef = B8FE37D62BBC3D8300C34D74 /* FeedLoaderStub.swift */; };
		B8FE37D92BBC3E1400C34D74 /* SharedTestHelpers.swift in Sources */ = {isa = PBXBuildFile; fileRef = B8FE37D82BBC3E1400C34D74 /* SharedTestHelpers.swift */; };
		B8FE37DB2BBC3E4F00C34D74 /* XCTestCase+TrackingMemoryLeak.swift in Sources */ = {isa = PBXBuildFile; fileRef = B8FE37DA2BBC3E4F00C34D74 /* XCTestCase+TrackingMemoryLeak.swift */; };
		B8FE37DD2BBC3EF400C34D74 /* XCTestCase+FeedLoader.swift in Sources */ = {isa = PBXBuildFile; fileRef = B8FE37DC2BBC3EF400C34D74 /* XCTestCase+FeedLoader.swift */; };
		B8FE37E12BBC48B700C34D74 /* FeedLoaderCacheDecorator.swift in Sources */ = {isa = PBXBuildFile; fileRef = B8FE37E02BBC48B700C34D74 /* FeedLoaderCacheDecorator.swift */; };
/* End PBXBuildFile section */

/* Begin PBXContainerItemProxy section */
		B8B8B5F02BADD512006CB088 /* PBXContainerItemProxy */ = {
			isa = PBXContainerItemProxy;
			containerPortal = B8D3F4502B8A4C1300043027 /* Project object */;
			proxyType = 1;
			remoteGlobalIDString = B8D3F4572B8A4C1300043027;
			remoteInfo = EssentialApp;
		};
/* End PBXContainerItemProxy section */

/* Begin PBXCopyFilesBuildPhase section */
		B8DC4FC92BF2CF27006A9A9D /* Embed Frameworks */ = {
			isa = PBXCopyFilesBuildPhase;
			buildActionMask = 2147483647;
			dstPath = "";
			dstSubfolderSpec = 10;
			files = (
				B8DC4FC82BF2CF27006A9A9D /* EssentialFeediOS.framework in Embed Frameworks */,
				B8DC4FCB2BF2CF29006A9A9D /* EssentialFeedMacos.framework in Embed Frameworks */,
			);
			name = "Embed Frameworks";
			runOnlyForDeploymentPostprocessing = 0;
		};
/* End PBXCopyFilesBuildPhase section */

/* Begin PBXFileReference section */
		B819F6082CA5C78200BF2DFA /* CommentsUIIntegrationTests.swift */ = {isa = PBXFileReference; lastKnownFileType = sourcecode.swift; path = CommentsUIIntegrationTests.swift; sourceTree = "<group>"; };
		B819F60A2CA5C7EA00BF2DFA /* CommentsUIComposer.swift */ = {isa = PBXFileReference; lastKnownFileType = sourcecode.swift; path = CommentsUIComposer.swift; sourceTree = "<group>"; };
		B8A6527E2BADFD760086A068 /* FeedImageDataLoaderWithFallbackTests.swift */ = {isa = PBXFileReference; lastKnownFileType = sourcecode.swift; path = FeedImageDataLoaderWithFallbackTests.swift; sourceTree = "<group>"; };
		B8A652862BAE09620086A068 /* FeedImageDataLoaderWithFallbackComposite.swift */ = {isa = PBXFileReference; lastKnownFileType = sourcecode.swift; path = FeedImageDataLoaderWithFallbackComposite.swift; sourceTree = "<group>"; };
		B8B8B5EC2BADD512006CB088 /* EssentialAppTests.xctest */ = {isa = PBXFileReference; explicitFileType = wrapper.cfbundle; includeInIndex = 0; path = EssentialAppTests.xctest; sourceTree = BUILT_PRODUCTS_DIR; };
		B8B8B5EE2BADD512006CB088 /* EssentialAppTests.swift */ = {isa = PBXFileReference; lastKnownFileType = sourcecode.swift; path = EssentialAppTests.swift; sourceTree = "<group>"; };
		B8B8B5FB2BADE391006CB088 /* FeedLoaderWithFallbackComposite.swift */ = {isa = PBXFileReference; lastKnownFileType = sourcecode.swift; path = FeedLoaderWithFallbackComposite.swift; sourceTree = "<group>"; };
		B8C1EACC2BC4279200DF7D8B /* SceneDelegateTests.swift */ = {isa = PBXFileReference; lastKnownFileType = sourcecode.swift; path = SceneDelegateTests.swift; sourceTree = "<group>"; };
		B8D3F4582B8A4C1300043027 /* EssentialApp.app */ = {isa = PBXFileReference; explicitFileType = wrapper.application; includeInIndex = 0; path = EssentialApp.app; sourceTree = BUILT_PRODUCTS_DIR; };
		B8D3F45B2B8A4C1300043027 /* AppDelegate.swift */ = {isa = PBXFileReference; lastKnownFileType = sourcecode.swift; path = AppDelegate.swift; sourceTree = "<group>"; };
		B8D3F45D2B8A4C1300043027 /* SceneDelegate.swift */ = {isa = PBXFileReference; lastKnownFileType = sourcecode.swift; path = SceneDelegate.swift; sourceTree = "<group>"; };
		B8D3F45F2B8A4C1300043027 /* ViewController.swift */ = {isa = PBXFileReference; lastKnownFileType = sourcecode.swift; path = ViewController.swift; sourceTree = "<group>"; };
		B8D3F4642B8A4C1500043027 /* Assets.xcassets */ = {isa = PBXFileReference; lastKnownFileType = folder.assetcatalog; path = Assets.xcassets; sourceTree = "<group>"; };
		B8D3F4672B8A4C1500043027 /* Base */ = {isa = PBXFileReference; lastKnownFileType = file.storyboard; name = Base; path = Base.lproj/LaunchScreen.storyboard; sourceTree = "<group>"; };
		B8D3F4692B8A4C1500043027 /* Info.plist */ = {isa = PBXFileReference; lastKnownFileType = text.plist.xml; path = Info.plist; sourceTree = "<group>"; };
		B8DC4E682BEA64CB006A9A9D /* FeedImageDataLoaderCacheDecorator.swift */ = {isa = PBXFileReference; lastKnownFileType = sourcecode.swift; path = FeedImageDataLoaderCacheDecorator.swift; sourceTree = "<group>"; };
		B8DC4FAF2BF2A1AA006A9A9D /* EssentialFeedMacos.framework */ = {isa = PBXFileReference; explicitFileType = wrapper.framework; path = EssentialFeedMacos.framework; sourceTree = BUILT_PRODUCTS_DIR; };
		B8DC4FB32BF2A1AF006A9A9D /* EssentialFeediOS.framework */ = {isa = PBXFileReference; explicitFileType = wrapper.framework; path = EssentialFeediOS.framework; sourceTree = BUILT_PRODUCTS_DIR; };
		B8DC4FB62BF2A1B3006A9A9D /* EssentialFeedAPI.framework */ = {isa = PBXFileReference; explicitFileType = wrapper.framework; path = EssentialFeedAPI.framework; sourceTree = BUILT_PRODUCTS_DIR; };
		B8E3C5872BC435FA00612E7C /* LoadResourcePresentationAdapter.swift */ = {isa = PBXFileReference; fileEncoding = 4; lastKnownFileType = sourcecode.swift; name = LoadResourcePresentationAdapter.swift; path = "../../EssentialFeedMacos/EssentialFeediOS/Feed UI/Composers/LoadResourcePresentationAdapter.swift"; sourceTree = "<group>"; };
		B8E3C58E2BC435FB00612E7C /* WeakRefVirtualProxy.swift */ = {isa = PBXFileReference; fileEncoding = 4; lastKnownFileType = sourcecode.swift; name = WeakRefVirtualProxy.swift; path = "../../EssentialFeedMacos/EssentialFeediOS/Feed UI/Composers/WeakRefVirtualProxy.swift"; sourceTree = "<group>"; };
		B8E3C58F2BC435FB00612E7C /* MainQueueDispatchDecorator.swift */ = {isa = PBXFileReference; fileEncoding = 4; lastKnownFileType = sourcecode.swift; name = MainQueueDispatchDecorator.swift; path = "../../EssentialFeedMacos/EssentialFeediOS/Feed UI/Composers/MainQueueDispatchDecorator.swift"; sourceTree = "<group>"; };
		B8E3C5902BC435FB00612E7C /* FeedImageDataLoaderPresentationAdapter.swift */ = {isa = PBXFileReference; fileEncoding = 4; lastKnownFileType = sourcecode.swift; name = FeedImageDataLoaderPresentationAdapter.swift; path = "../../EssentialFeedMacos/EssentialFeediOS/Feed UI/Composers/FeedImageDataLoaderPresentationAdapter.swift"; sourceTree = "<group>"; };
		B8E3C5912BC435FB00612E7C /* FeedViewAdapter.swift */ = {isa = PBXFileReference; fileEncoding = 4; lastKnownFileType = sourcecode.swift; name = FeedViewAdapter.swift; path = "../../EssentialFeedMacos/EssentialFeediOS/Feed UI/Composers/FeedViewAdapter.swift"; sourceTree = "<group>"; };
		B8E3C5922BC435FB00612E7C /* FeedUIComposer.swift */ = {isa = PBXFileReference; fileEncoding = 4; lastKnownFileType = sourcecode.swift; name = FeedUIComposer.swift; path = "../../EssentialFeedMacos/EssentialFeediOS/Feed UI/Composers/FeedUIComposer.swift"; sourceTree = "<group>"; };
		B8E3C5992BC4365100612E7C /* FeedUIIntegrationTests+Localization.swift */ = {isa = PBXFileReference; fileEncoding = 4; lastKnownFileType = sourcecode.swift; name = "FeedUIIntegrationTests+Localization.swift"; path = "../../../EssentialFeedMacos/EssentialFeediOSTests/Helpers/FeedUIIntegrationTests+Localization.swift"; sourceTree = "<group>"; };
		B8E3C59A2BC4365100612E7C /* FeedUIIntegration+LoaderSpy.swift */ = {isa = PBXFileReference; fileEncoding = 4; lastKnownFileType = sourcecode.swift; name = "FeedUIIntegration+LoaderSpy.swift"; path = "../../../EssentialFeedMacos/EssentialFeediOSTests/Helpers/FeedUIIntegration+LoaderSpy.swift"; sourceTree = "<group>"; };
		B8E3C59B2BC4365100612E7C /* UIControl+TestHelper.swift */ = {isa = PBXFileReference; fileEncoding = 4; lastKnownFileType = sourcecode.swift; name = "UIControl+TestHelper.swift"; path = "../../../EssentialFeedMacos/EssentialFeediOSTests/Helpers/UIControl+TestHelper.swift"; sourceTree = "<group>"; };
		B8E3C59C2BC4365100612E7C /* UIButton+TestHelper.swift */ = {isa = PBXFileReference; fileEncoding = 4; lastKnownFileType = sourcecode.swift; name = "UIButton+TestHelper.swift"; path = "../../../EssentialFeedMacos/EssentialFeediOSTests/Helpers/UIButton+TestHelper.swift"; sourceTree = "<group>"; };
		B8E3C59D2BC4365100612E7C /* RefreshControl+TestHelper.swift */ = {isa = PBXFileReference; fileEncoding = 4; lastKnownFileType = sourcecode.swift; name = "RefreshControl+TestHelper.swift"; path = "../../../EssentialFeedMacos/EssentialFeediOSTests/Helpers/RefreshControl+TestHelper.swift"; sourceTree = "<group>"; };
		B8E3C59E2BC4365100612E7C /* FeedImageCell+TestHelper.swift */ = {isa = PBXFileReference; fileEncoding = 4; lastKnownFileType = sourcecode.swift; name = "FeedImageCell+TestHelper.swift"; path = "../../../EssentialFeedMacos/EssentialFeediOSTests/Helpers/FeedImageCell+TestHelper.swift"; sourceTree = "<group>"; };
		B8E3C59F2BC4365100612E7C /* FeedViewController+TestHelper.swift */ = {isa = PBXFileReference; fileEncoding = 4; lastKnownFileType = sourcecode.swift; name = "FeedViewController+TestHelper.swift"; path = "../../../EssentialFeedMacos/EssentialFeediOSTests/Helpers/FeedViewController+TestHelper.swift"; sourceTree = "<group>"; };
		B8E3C5A02BC4365100612E7C /* FeedUIIntegrationTests+Assertions.swift */ = {isa = PBXFileReference; fileEncoding = 4; lastKnownFileType = sourcecode.swift; name = "FeedUIIntegrationTests+Assertions.swift"; path = "../../../EssentialFeedMacos/EssentialFeediOSTests/Helpers/FeedUIIntegrationTests+Assertions.swift"; sourceTree = "<group>"; };
		B8E3C5A12BC4365100612E7C /* UIImage+TestHelpers.swift */ = {isa = PBXFileReference; fileEncoding = 4; lastKnownFileType = sourcecode.swift; name = "UIImage+TestHelpers.swift"; path = "../../../EssentialFeedMacos/EssentialFeediOSTests/Helpers/UIImage+TestHelpers.swift"; sourceTree = "<group>"; };
		B8E3C5AB2BC4366D00612E7C /* FeedUIIntegrationTests.swift */ = {isa = PBXFileReference; fileEncoding = 4; lastKnownFileType = sourcecode.swift; name = FeedUIIntegrationTests.swift; path = ../../EssentialFeedMacos/EssentialFeediOSTests/FeedUIIntegrationTests.swift; sourceTree = "<group>"; };
		B8E3C5AD2BC43A3000612E7C /* FeedAcceptanceTests.swift */ = {isa = PBXFileReference; lastKnownFileType = sourcecode.swift; path = FeedAcceptanceTests.swift; sourceTree = "<group>"; };
		B8F116C02C748AB50005038E /* CombineHelpers.swift */ = {isa = PBXFileReference; lastKnownFileType = sourcecode.swift; path = CombineHelpers.swift; sourceTree = "<group>"; };
		B8FE37CD2BBC3B1500C34D74 /* FeedLoaderCacheDecoratorTests.swift */ = {isa = PBXFileReference; lastKnownFileType = sourcecode.swift; path = FeedLoaderCacheDecoratorTests.swift; sourceTree = "<group>"; };
		B8FE37D62BBC3D8300C34D74 /* FeedLoaderStub.swift */ = {isa = PBXFileReference; lastKnownFileType = sourcecode.swift; path = FeedLoaderStub.swift; sourceTree = "<group>"; };
		B8FE37D82BBC3E1400C34D74 /* SharedTestHelpers.swift */ = {isa = PBXFileReference; lastKnownFileType = sourcecode.swift; path = SharedTestHelpers.swift; sourceTree = "<group>"; };
		B8FE37DA2BBC3E4F00C34D74 /* XCTestCase+TrackingMemoryLeak.swift */ = {isa = PBXFileReference; lastKnownFileType = sourcecode.swift; path = "XCTestCase+TrackingMemoryLeak.swift"; sourceTree = "<group>"; };
		B8FE37DC2BBC3EF400C34D74 /* XCTestCase+FeedLoader.swift */ = {isa = PBXFileReference; lastKnownFileType = sourcecode.swift; path = "XCTestCase+FeedLoader.swift"; sourceTree = "<group>"; };
		B8FE37E02BBC48B700C34D74 /* FeedLoaderCacheDecorator.swift */ = {isa = PBXFileReference; lastKnownFileType = sourcecode.swift; path = FeedLoaderCacheDecorator.swift; sourceTree = "<group>"; };
		B8FE37F12BBC644D00C34D74 /* EssentialApp.xctestplan */ = {isa = PBXFileReference; lastKnownFileType = text; path = EssentialApp.xctestplan; sourceTree = "<group>"; };
/* End PBXFileReference section */

/* Begin PBXFrameworksBuildPhase section */
		B8B8B5E92BADD512006CB088 /* Frameworks */ = {
			isa = PBXFrameworksBuildPhase;
			buildActionMask = 2147483647;
			files = (
			);
			runOnlyForDeploymentPostprocessing = 0;
		};
		B8D3F4552B8A4C1300043027 /* Frameworks */ = {
			isa = PBXFrameworksBuildPhase;
			buildActionMask = 2147483647;
			files = (
				B8DC4FC72BF2CF27006A9A9D /* EssentialFeediOS.framework in Frameworks */,
				B8DC4FCA2BF2CF29006A9A9D /* EssentialFeedMacos.framework in Frameworks */,
			);
			runOnlyForDeploymentPostprocessing = 0;
		};
/* End PBXFrameworksBuildPhase section */

/* Begin PBXGroup section */
		B819F60C2CA5C80900BF2DFA /* Archive */ = {
			isa = PBXGroup;
			children = (
				B8B8B5FB2BADE391006CB088 /* FeedLoaderWithFallbackComposite.swift */,
				B8A652862BAE09620086A068 /* FeedImageDataLoaderWithFallbackComposite.swift */,
				B8FE37E02BBC48B700C34D74 /* FeedLoaderCacheDecorator.swift */,
				B8DC4E682BEA64CB006A9A9D /* FeedImageDataLoaderCacheDecorator.swift */,
			);
			path = Archive;
			sourceTree = "<group>";
		};
		B8B8B5ED2BADD512006CB088 /* EssentialAppTests */ = {
			isa = PBXGroup;
			children = (
				B8FE37D52BBC3D7600C34D74 /* Helpers */,
				B8B8B5EE2BADD512006CB088 /* EssentialAppTests.swift */,
				B8A6527E2BADFD760086A068 /* FeedImageDataLoaderWithFallbackTests.swift */,
				B8FE37CD2BBC3B1500C34D74 /* FeedLoaderCacheDecoratorTests.swift */,
				B8C1EACC2BC4279200DF7D8B /* SceneDelegateTests.swift */,
				B8E3C5AB2BC4366D00612E7C /* FeedUIIntegrationTests.swift */,
				B8E3C5AD2BC43A3000612E7C /* FeedAcceptanceTests.swift */,
				B819F6082CA5C78200BF2DFA /* CommentsUIIntegrationTests.swift */,
			);
			path = EssentialAppTests;
			sourceTree = "<group>";
		};
		B8D3F44F2B8A4C1300043027 = {
			isa = PBXGroup;
			children = (
				B8FE37F12BBC644D00C34D74 /* EssentialApp.xctestplan */,
				B8D3F45A2B8A4C1300043027 /* EssentialApp */,
				B8B8B5ED2BADD512006CB088 /* EssentialAppTests */,
				B8D3F4592B8A4C1300043027 /* Products */,
				B8D3F4762B8A4FC400043027 /* Frameworks */,
			);
			sourceTree = "<group>";
		};
		B8D3F4592B8A4C1300043027 /* Products */ = {
			isa = PBXGroup;
			children = (
				B8D3F4582B8A4C1300043027 /* EssentialApp.app */,
				B8B8B5EC2BADD512006CB088 /* EssentialAppTests.xctest */,
			);
			name = Products;
			sourceTree = "<group>";
		};
		B8D3F45A2B8A4C1300043027 /* EssentialApp */ = {
			isa = PBXGroup;
			children = (
				B819F60C2CA5C80900BF2DFA /* Archive */,
				B8E3C5922BC435FB00612E7C /* FeedUIComposer.swift */,
				B819F60A2CA5C7EA00BF2DFA /* CommentsUIComposer.swift */,
				B8E3C58F2BC435FB00612E7C /* MainQueueDispatchDecorator.swift */,
				B8E3C58E2BC435FB00612E7C /* WeakRefVirtualProxy.swift */,
				B8E3C5902BC435FB00612E7C /* FeedImageDataLoaderPresentationAdapter.swift */,
				B8E3C5872BC435FA00612E7C /* LoadResourcePresentationAdapter.swift */,
				B8E3C5912BC435FB00612E7C /* FeedViewAdapter.swift */,
				B8D3F45B2B8A4C1300043027 /* AppDelegate.swift */,
				B8D3F45D2B8A4C1300043027 /* SceneDelegate.swift */,
				B8F116C02C748AB50005038E /* CombineHelpers.swift */,
				B8D3F45F2B8A4C1300043027 /* ViewController.swift */,
				B8D3F4642B8A4C1500043027 /* Assets.xcassets */,
				B8D3F4662B8A4C1500043027 /* LaunchScreen.storyboard */,
				B8D3F4692B8A4C1500043027 /* Info.plist */,
			);
			path = EssentialApp;
			sourceTree = "<group>";
		};
		B8D3F4762B8A4FC400043027 /* Frameworks */ = {
			isa = PBXGroup;
			children = (
				B8DC4FB62BF2A1B3006A9A9D /* EssentialFeedAPI.framework */,
				B8DC4FB32BF2A1AF006A9A9D /* EssentialFeediOS.framework */,
				B8DC4FAF2BF2A1AA006A9A9D /* EssentialFeedMacos.framework */,
			);
			name = Frameworks;
			sourceTree = "<group>";
		};
		B8FE37D52BBC3D7600C34D74 /* Helpers */ = {
			isa = PBXGroup;
			children = (
				B8E3C5A12BC4365100612E7C /* UIImage+TestHelpers.swift */,
				B8E3C59D2BC4365100612E7C /* RefreshControl+TestHelper.swift */,
				B8E3C59E2BC4365100612E7C /* FeedImageCell+TestHelper.swift */,
				B8E3C59F2BC4365100612E7C /* FeedViewController+TestHelper.swift */,
				B8E3C59B2BC4365100612E7C /* UIControl+TestHelper.swift */,
				B8E3C59C2BC4365100612E7C /* UIButton+TestHelper.swift */,
				B8E3C59A2BC4365100612E7C /* FeedUIIntegration+LoaderSpy.swift */,
				B8E3C5A02BC4365100612E7C /* FeedUIIntegrationTests+Assertions.swift */,
				B8E3C5992BC4365100612E7C /* FeedUIIntegrationTests+Localization.swift */,
				B8FE37D62BBC3D8300C34D74 /* FeedLoaderStub.swift */,
				B8FE37D82BBC3E1400C34D74 /* SharedTestHelpers.swift */,
				B8FE37DA2BBC3E4F00C34D74 /* XCTestCase+TrackingMemoryLeak.swift */,
				B8FE37DC2BBC3EF400C34D74 /* XCTestCase+FeedLoader.swift */,
			);
			path = Helpers;
			sourceTree = "<group>";
		};
/* End PBXGroup section */

/* Begin PBXNativeTarget section */
		B8B8B5EB2BADD512006CB088 /* EssentialAppTests */ = {
			isa = PBXNativeTarget;
			buildConfigurationList = B8B8B5FA2BADD512006CB088 /* Build configuration list for PBXNativeTarget "EssentialAppTests" */;
			buildPhases = (
				B8B8B5E82BADD512006CB088 /* Sources */,
				B8B8B5E92BADD512006CB088 /* Frameworks */,
				B8B8B5EA2BADD512006CB088 /* Resources */,
			);
			buildRules = (
			);
			dependencies = (
				B8B8B5F12BADD512006CB088 /* PBXTargetDependency */,
			);
			name = EssentialAppTests;
			productName = EssentialAppTests;
			productReference = B8B8B5EC2BADD512006CB088 /* EssentialAppTests.xctest */;
			productType = "com.apple.product-type.bundle.unit-test";
		};
		B8D3F4572B8A4C1300043027 /* EssentialApp */ = {
			isa = PBXNativeTarget;
			buildConfigurationList = B8D3F46C2B8A4C1500043027 /* Build configuration list for PBXNativeTarget "EssentialApp" */;
			buildPhases = (
				B8D3F4542B8A4C1300043027 /* Sources */,
				B8D3F4552B8A4C1300043027 /* Frameworks */,
				B8D3F4562B8A4C1300043027 /* Resources */,
				B8DC4FC92BF2CF27006A9A9D /* Embed Frameworks */,
			);
			buildRules = (
			);
			dependencies = (
			);
			name = EssentialApp;
			productName = EssentialApp;
			productReference = B8D3F4582B8A4C1300043027 /* EssentialApp.app */;
			productType = "com.apple.product-type.application";
		};
/* End PBXNativeTarget section */

/* Begin PBXProject section */
		B8D3F4502B8A4C1300043027 /* Project object */ = {
			isa = PBXProject;
			attributes = {
				BuildIndependentTargetsInParallel = 1;
				LastSwiftUpdateCheck = 1520;
				LastUpgradeCheck = 1520;
				TargetAttributes = {
					B8B8B5EB2BADD512006CB088 = {
						CreatedOnToolsVersion = 15.2;
						TestTargetID = B8D3F4572B8A4C1300043027;
					};
					B8D3F4572B8A4C1300043027 = {
						CreatedOnToolsVersion = 15.2;
					};
				};
			};
			buildConfigurationList = B8D3F4532B8A4C1300043027 /* Build configuration list for PBXProject "EssentialApp" */;
			compatibilityVersion = "Xcode 14.0";
			developmentRegion = en;
			hasScannedForEncodings = 0;
			knownRegions = (
				en,
				Base,
			);
			mainGroup = B8D3F44F2B8A4C1300043027;
			productRefGroup = B8D3F4592B8A4C1300043027 /* Products */;
			projectDirPath = "";
			projectRoot = "";
			targets = (
				B8D3F4572B8A4C1300043027 /* EssentialApp */,
				B8B8B5EB2BADD512006CB088 /* EssentialAppTests */,
			);
		};
/* End PBXProject section */

/* Begin PBXResourcesBuildPhase section */
		B8B8B5EA2BADD512006CB088 /* Resources */ = {
			isa = PBXResourcesBuildPhase;
			buildActionMask = 2147483647;
			files = (
			);
			runOnlyForDeploymentPostprocessing = 0;
		};
		B8D3F4562B8A4C1300043027 /* Resources */ = {
			isa = PBXResourcesBuildPhase;
			buildActionMask = 2147483647;
			files = (
				B8D3F4682B8A4C1500043027 /* LaunchScreen.storyboard in Resources */,
				B8D3F4652B8A4C1500043027 /* Assets.xcassets in Resources */,
			);
			runOnlyForDeploymentPostprocessing = 0;
		};
/* End PBXResourcesBuildPhase section */

/* Begin PBXSourcesBuildPhase section */
		B8B8B5E82BADD512006CB088 /* Sources */ = {
			isa = PBXSourcesBuildPhase;
			buildActionMask = 2147483647;
			files = (
				B819F6092CA5C78200BF2DFA /* CommentsUIIntegrationTests.swift in Sources */,
				B8FE37D72BBC3D8300C34D74 /* FeedLoaderStub.swift in Sources */,
				B8E3C5A92BC4365100612E7C /* FeedUIIntegrationTests+Assertions.swift in Sources */,
				B8FE37DD2BBC3EF400C34D74 /* XCTestCase+FeedLoader.swift in Sources */,
				B8E3C5A42BC4365100612E7C /* UIControl+TestHelper.swift in Sources */,
				B8E3C5AC2BC4366D00612E7C /* FeedUIIntegrationTests.swift in Sources */,
				B8E3C5A82BC4365100612E7C /* FeedViewController+TestHelper.swift in Sources */,
				B8E3C5AE2BC43A3000612E7C /* FeedAcceptanceTests.swift in Sources */,
				B8E3C5A72BC4365100612E7C /* FeedImageCell+TestHelper.swift in Sources */,
				B8E3C5A32BC4365100612E7C /* FeedUIIntegration+LoaderSpy.swift in Sources */,
				B8A6527F2BADFD760086A068 /* FeedImageDataLoaderWithFallbackTests.swift in Sources */,
				B8E3C5A52BC4365100612E7C /* UIButton+TestHelper.swift in Sources */,
				B8E3C5AA2BC4365100612E7C /* UIImage+TestHelpers.swift in Sources */,
				B8FE37D92BBC3E1400C34D74 /* SharedTestHelpers.swift in Sources */,
				B8B8B5EF2BADD512006CB088 /* EssentialAppTests.swift in Sources */,
				B8E3C5A62BC4365100612E7C /* RefreshControl+TestHelper.swift in Sources */,
				B8E3C5A22BC4365100612E7C /* FeedUIIntegrationTests+Localization.swift in Sources */,
				B8FE37CE2BBC3B1500C34D74 /* FeedLoaderCacheDecoratorTests.swift in Sources */,
				B8FE37DB2BBC3E4F00C34D74 /* XCTestCase+TrackingMemoryLeak.swift in Sources */,
				B8C1EACD2BC4279200DF7D8B /* SceneDelegateTests.swift in Sources */,
			);
			runOnlyForDeploymentPostprocessing = 0;
		};
		B8D3F4542B8A4C1300043027 /* Sources */ = {
			isa = PBXSourcesBuildPhase;
			buildActionMask = 2147483647;
			files = (
				B8D3F4602B8A4C1300043027 /* ViewController.swift in Sources */,
				B8D3F45C2B8A4C1300043027 /* AppDelegate.swift in Sources */,
				B8B8B5FC2BADE391006CB088 /* FeedLoaderWithFallbackComposite.swift in Sources */,
				B8FE37E12BBC48B700C34D74 /* FeedLoaderCacheDecorator.swift in Sources */,
				B819F60B2CA5C7EA00BF2DFA /* CommentsUIComposer.swift in Sources */,
				B8E3C5972BC435FB00612E7C /* FeedViewAdapter.swift in Sources */,
				B8D3F45E2B8A4C1300043027 /* SceneDelegate.swift in Sources */,
				B8E3C5982BC435FB00612E7C /* FeedUIComposer.swift in Sources */,
				B8E3C5952BC435FB00612E7C /* MainQueueDispatchDecorator.swift in Sources */,
				B8E3C5932BC435FB00612E7C /* LoadResourcePresentationAdapter.swift in Sources */,
				B8F116C12C748AB50005038E /* CombineHelpers.swift in Sources */,
				B8E3C5942BC435FB00612E7C /* WeakRefVirtualProxy.swift in Sources */,
				B8E3C5962BC435FB00612E7C /* FeedImageDataLoaderPresentationAdapter.swift in Sources */,
				B8A652872BAE09620086A068 /* FeedImageDataLoaderWithFallbackComposite.swift in Sources */,
				B8DC4E692BEA64CB006A9A9D /* FeedImageDataLoaderCacheDecorator.swift in Sources */,
			);
			runOnlyForDeploymentPostprocessing = 0;
		};
/* End PBXSourcesBuildPhase section */

/* Begin PBXTargetDependency section */
		B8B8B5F12BADD512006CB088 /* PBXTargetDependency */ = {
			isa = PBXTargetDependency;
			target = B8D3F4572B8A4C1300043027 /* EssentialApp */;
			targetProxy = B8B8B5F02BADD512006CB088 /* PBXContainerItemProxy */;
		};
/* End PBXTargetDependency section */

/* Begin PBXVariantGroup section */
		B8D3F4662B8A4C1500043027 /* LaunchScreen.storyboard */ = {
			isa = PBXVariantGroup;
			children = (
				B8D3F4672B8A4C1500043027 /* Base */,
			);
			name = LaunchScreen.storyboard;
			sourceTree = "<group>";
		};
/* End PBXVariantGroup section */

/* Begin XCBuildConfiguration section */
		B8B8B5F22BADD512006CB088 /* Debug */ = {
			isa = XCBuildConfiguration;
			buildSettings = {
				BUNDLE_LOADER = "$(TEST_HOST)";
				CODE_SIGN_STYLE = Automatic;
				CURRENT_PROJECT_VERSION = 1;
				DEVELOPMENT_TEAM = B9QUW9Z84N;
				GENERATE_INFOPLIST_FILE = YES;
				MARKETING_VERSION = 1.0;
				PRODUCT_BUNDLE_IDENTIFIER = TexnoPos.EssentialAppTests;
				PRODUCT_NAME = "$(TARGET_NAME)";
				SWIFT_EMIT_LOC_STRINGS = NO;
				SWIFT_VERSION = 5.0;
				TARGETED_DEVICE_FAMILY = "1,2";
				TEST_HOST = "$(BUILT_PRODUCTS_DIR)/EssentialApp.app/$(BUNDLE_EXECUTABLE_FOLDER_PATH)/EssentialApp";
			};
			name = Debug;
		};
		B8B8B5F32BADD512006CB088 /* Release */ = {
			isa = XCBuildConfiguration;
			buildSettings = {
				BUNDLE_LOADER = "$(TEST_HOST)";
				CODE_SIGN_STYLE = Automatic;
				CURRENT_PROJECT_VERSION = 1;
				DEVELOPMENT_TEAM = B9QUW9Z84N;
				GENERATE_INFOPLIST_FILE = YES;
				MARKETING_VERSION = 1.0;
				PRODUCT_BUNDLE_IDENTIFIER = TexnoPos.EssentialAppTests;
				PRODUCT_NAME = "$(TARGET_NAME)";
				SWIFT_EMIT_LOC_STRINGS = NO;
				SWIFT_VERSION = 5.0;
				TARGETED_DEVICE_FAMILY = "1,2";
				TEST_HOST = "$(BUILT_PRODUCTS_DIR)/EssentialApp.app/$(BUNDLE_EXECUTABLE_FOLDER_PATH)/EssentialApp";
			};
			name = Release;
		};
		B8D3F46A2B8A4C1500043027 /* Debug */ = {
			isa = XCBuildConfiguration;
			buildSettings = {
				ALWAYS_SEARCH_USER_PATHS = NO;
				ASSETCATALOG_COMPILER_GENERATE_SWIFT_ASSET_SYMBOL_EXTENSIONS = YES;
				CLANG_ANALYZER_NONNULL = YES;
				CLANG_ANALYZER_NUMBER_OBJECT_CONVERSION = YES_AGGRESSIVE;
				CLANG_CXX_LANGUAGE_STANDARD = "gnu++20";
				CLANG_ENABLE_MODULES = YES;
				CLANG_ENABLE_OBJC_ARC = YES;
				CLANG_ENABLE_OBJC_WEAK = YES;
				CLANG_WARN_BLOCK_CAPTURE_AUTORELEASING = YES;
				CLANG_WARN_BOOL_CONVERSION = YES;
				CLANG_WARN_COMMA = YES;
				CLANG_WARN_CONSTANT_CONVERSION = YES;
				CLANG_WARN_DEPRECATED_OBJC_IMPLEMENTATIONS = YES;
				CLANG_WARN_DIRECT_OBJC_ISA_USAGE = YES_ERROR;
				CLANG_WARN_DOCUMENTATION_COMMENTS = YES;
				CLANG_WARN_EMPTY_BODY = YES;
				CLANG_WARN_ENUM_CONVERSION = YES;
				CLANG_WARN_INFINITE_RECURSION = YES;
				CLANG_WARN_INT_CONVERSION = YES;
				CLANG_WARN_NON_LITERAL_NULL_CONVERSION = YES;
				CLANG_WARN_OBJC_IMPLICIT_RETAIN_SELF = YES;
				CLANG_WARN_OBJC_LITERAL_CONVERSION = YES;
				CLANG_WARN_OBJC_ROOT_CLASS = YES_ERROR;
				CLANG_WARN_QUOTED_INCLUDE_IN_FRAMEWORK_HEADER = YES;
				CLANG_WARN_RANGE_LOOP_ANALYSIS = YES;
				CLANG_WARN_STRICT_PROTOTYPES = YES;
				CLANG_WARN_SUSPICIOUS_MOVE = YES;
				CLANG_WARN_UNGUARDED_AVAILABILITY = YES_AGGRESSIVE;
				CLANG_WARN_UNREACHABLE_CODE = YES;
				CLANG_WARN__DUPLICATE_METHOD_MATCH = YES;
				COPY_PHASE_STRIP = NO;
				DEBUG_INFORMATION_FORMAT = dwarf;
				ENABLE_STRICT_OBJC_MSGSEND = YES;
				ENABLE_TESTABILITY = YES;
				ENABLE_USER_SCRIPT_SANDBOXING = YES;
				GCC_C_LANGUAGE_STANDARD = gnu17;
				GCC_DYNAMIC_NO_PIC = NO;
				GCC_NO_COMMON_BLOCKS = YES;
				GCC_OPTIMIZATION_LEVEL = 0;
				GCC_PREPROCESSOR_DEFINITIONS = (
					"DEBUG=1",
					"$(inherited)",
				);
				GCC_WARN_64_TO_32_BIT_CONVERSION = YES;
				GCC_WARN_ABOUT_RETURN_TYPE = YES_ERROR;
				GCC_WARN_UNDECLARED_SELECTOR = YES;
				GCC_WARN_UNINITIALIZED_AUTOS = YES_AGGRESSIVE;
				GCC_WARN_UNUSED_FUNCTION = YES;
				GCC_WARN_UNUSED_VARIABLE = YES;
				IPHONEOS_DEPLOYMENT_TARGET = 17.2;
				LOCALIZATION_PREFERS_STRING_CATALOGS = YES;
				MTL_ENABLE_DEBUG_INFO = INCLUDE_SOURCE;
				MTL_FAST_MATH = YES;
				ONLY_ACTIVE_ARCH = YES;
				SDKROOT = iphoneos;
				SWIFT_ACTIVE_COMPILATION_CONDITIONS = "DEBUG $(inherited)";
				SWIFT_OPTIMIZATION_LEVEL = "-Onone";
			};
			name = Debug;
		};
		B8D3F46B2B8A4C1500043027 /* Release */ = {
			isa = XCBuildConfiguration;
			buildSettings = {
				ALWAYS_SEARCH_USER_PATHS = NO;
				ASSETCATALOG_COMPILER_GENERATE_SWIFT_ASSET_SYMBOL_EXTENSIONS = YES;
				CLANG_ANALYZER_NONNULL = YES;
				CLANG_ANALYZER_NUMBER_OBJECT_CONVERSION = YES_AGGRESSIVE;
				CLANG_CXX_LANGUAGE_STANDARD = "gnu++20";
				CLANG_ENABLE_MODULES = YES;
				CLANG_ENABLE_OBJC_ARC = YES;
				CLANG_ENABLE_OBJC_WEAK = YES;
				CLANG_WARN_BLOCK_CAPTURE_AUTORELEASING = YES;
				CLANG_WARN_BOOL_CONVERSION = YES;
				CLANG_WARN_COMMA = YES;
				CLANG_WARN_CONSTANT_CONVERSION = YES;
				CLANG_WARN_DEPRECATED_OBJC_IMPLEMENTATIONS = YES;
				CLANG_WARN_DIRECT_OBJC_ISA_USAGE = YES_ERROR;
				CLANG_WARN_DOCUMENTATION_COMMENTS = YES;
				CLANG_WARN_EMPTY_BODY = YES;
				CLANG_WARN_ENUM_CONVERSION = YES;
				CLANG_WARN_INFINITE_RECURSION = YES;
				CLANG_WARN_INT_CONVERSION = YES;
				CLANG_WARN_NON_LITERAL_NULL_CONVERSION = YES;
				CLANG_WARN_OBJC_IMPLICIT_RETAIN_SELF = YES;
				CLANG_WARN_OBJC_LITERAL_CONVERSION = YES;
				CLANG_WARN_OBJC_ROOT_CLASS = YES_ERROR;
				CLANG_WARN_QUOTED_INCLUDE_IN_FRAMEWORK_HEADER = YES;
				CLANG_WARN_RANGE_LOOP_ANALYSIS = YES;
				CLANG_WARN_STRICT_PROTOTYPES = YES;
				CLANG_WARN_SUSPICIOUS_MOVE = YES;
				CLANG_WARN_UNGUARDED_AVAILABILITY = YES_AGGRESSIVE;
				CLANG_WARN_UNREACHABLE_CODE = YES;
				CLANG_WARN__DUPLICATE_METHOD_MATCH = YES;
				COPY_PHASE_STRIP = NO;
				DEBUG_INFORMATION_FORMAT = "dwarf-with-dsym";
				ENABLE_NS_ASSERTIONS = NO;
				ENABLE_STRICT_OBJC_MSGSEND = YES;
				ENABLE_USER_SCRIPT_SANDBOXING = YES;
				GCC_C_LANGUAGE_STANDARD = gnu17;
				GCC_NO_COMMON_BLOCKS = YES;
				GCC_WARN_64_TO_32_BIT_CONVERSION = YES;
				GCC_WARN_ABOUT_RETURN_TYPE = YES_ERROR;
				GCC_WARN_UNDECLARED_SELECTOR = YES;
				GCC_WARN_UNINITIALIZED_AUTOS = YES_AGGRESSIVE;
				GCC_WARN_UNUSED_FUNCTION = YES;
				GCC_WARN_UNUSED_VARIABLE = YES;
				IPHONEOS_DEPLOYMENT_TARGET = 17.2;
				LOCALIZATION_PREFERS_STRING_CATALOGS = YES;
				MTL_ENABLE_DEBUG_INFO = NO;
				MTL_FAST_MATH = YES;
				SDKROOT = iphoneos;
				SWIFT_COMPILATION_MODE = wholemodule;
				VALIDATE_PRODUCT = YES;
			};
			name = Release;
		};
		B8D3F46D2B8A4C1500043027 /* Debug */ = {
			isa = XCBuildConfiguration;
			buildSettings = {
				ASSETCATALOG_COMPILER_APPICON_NAME = AppIcon;
				ASSETCATALOG_COMPILER_GLOBAL_ACCENT_COLOR_NAME = AccentColor;
				CODE_SIGN_STYLE = Automatic;
				CURRENT_PROJECT_VERSION = 1;
				DEVELOPMENT_TEAM = B9QUW9Z84N;
				GENERATE_INFOPLIST_FILE = YES;
				INFOPLIST_FILE = EssentialApp/Info.plist;
				INFOPLIST_KEY_UIApplicationSupportsIndirectInputEvents = YES;
				INFOPLIST_KEY_UILaunchStoryboardName = LaunchScreen;
				INFOPLIST_KEY_UISupportedInterfaceOrientations = "UIInterfaceOrientationLandscapeLeft UIInterfaceOrientationLandscapeRight UIInterfaceOrientationPortrait UIInterfaceOrientationPortraitUpsideDown";
				LD_RUNPATH_SEARCH_PATHS = (
					"$(inherited)",
					"@executable_path/Frameworks",
				);
				MARKETING_VERSION = 1.0;
				PRODUCT_BUNDLE_IDENTIFIER = TexnoPos.EssentialAppCaseStudyA;
				PRODUCT_NAME = "$(TARGET_NAME)";
				SWIFT_EMIT_LOC_STRINGS = YES;
				SWIFT_VERSION = 5.0;
				TARGETED_DEVICE_FAMILY = "1,2";
			};
			name = Debug;
		};
		B8D3F46E2B8A4C1500043027 /* Release */ = {
			isa = XCBuildConfiguration;
			buildSettings = {
				ASSETCATALOG_COMPILER_APPICON_NAME = AppIcon;
				ASSETCATALOG_COMPILER_GLOBAL_ACCENT_COLOR_NAME = AccentColor;
				CODE_SIGN_STYLE = Automatic;
				CURRENT_PROJECT_VERSION = 1;
				DEVELOPMENT_TEAM = B9QUW9Z84N;
				GENERATE_INFOPLIST_FILE = YES;
				INFOPLIST_FILE = EssentialApp/Info.plist;
				INFOPLIST_KEY_UIApplicationSupportsIndirectInputEvents = YES;
				INFOPLIST_KEY_UILaunchStoryboardName = LaunchScreen;
				INFOPLIST_KEY_UISupportedInterfaceOrientations = "UIInterfaceOrientationLandscapeLeft UIInterfaceOrientationLandscapeRight UIInterfaceOrientationPortrait UIInterfaceOrientationPortraitUpsideDown";
				LD_RUNPATH_SEARCH_PATHS = (
					"$(inherited)",
					"@executable_path/Frameworks",
				);
				MARKETING_VERSION = 1.0;
				PRODUCT_BUNDLE_IDENTIFIER = TexnoPos.EssentialAppCaseStudyA;
				PRODUCT_NAME = "$(TARGET_NAME)";
				SWIFT_EMIT_LOC_STRINGS = YES;
				SWIFT_VERSION = 5.0;
				TARGETED_DEVICE_FAMILY = "1,2";
			};
			name = Release;
		};
/* End XCBuildConfiguration section */

/* Begin XCConfigurationList section */
		B8B8B5FA2BADD512006CB088 /* Build configuration list for PBXNativeTarget "EssentialAppTests" */ = {
			isa = XCConfigurationList;
			buildConfigurations = (
				B8B8B5F22BADD512006CB088 /* Debug */,
				B8B8B5F32BADD512006CB088 /* Release */,
			);
			defaultConfigurationIsVisible = 0;
			defaultConfigurationName = Release;
		};
		B8D3F4532B8A4C1300043027 /* Build configuration list for PBXProject "EssentialApp" */ = {
			isa = XCConfigurationList;
			buildConfigurations = (
				B8D3F46A2B8A4C1500043027 /* Debug */,
				B8D3F46B2B8A4C1500043027 /* Release */,
			);
			defaultConfigurationIsVisible = 0;
			defaultConfigurationName = Release;
		};
		B8D3F46C2B8A4C1500043027 /* Build configuration list for PBXNativeTarget "EssentialApp" */ = {
			isa = XCConfigurationList;
			buildConfigurations = (
				B8D3F46D2B8A4C1500043027 /* Debug */,
				B8D3F46E2B8A4C1500043027 /* Release */,
			);
			defaultConfigurationIsVisible = 0;
			defaultConfigurationName = Release;
		};
/* End XCConfigurationList section */
	};
	rootObject = B8D3F4502B8A4C1300043027 /* Project object */;
}
