// !$*UTF8*$!
{
	archiveVersion = 1;
	classes = {
	};
	objectVersion = 56;
	objects = {

/* Begin PBXBuildFile section */
		B8D3F45C2B8A4C1300043027 /* AppDelegate.swift in Sources */ = {isa = PBXBuildFile; fileRef = B8D3F45B2B8A4C1300043027 /* AppDelegate.swift */; };
		B8D3F45E2B8A4C1300043027 /* SceneDelegate.swift in Sources */ = {isa = PBXBuildFile; fileRef = B8D3F45D2B8A4C1300043027 /* SceneDelegate.swift */; };
		B8D3F4602B8A4C1300043027 /* ViewController.swift in Sources */ = {isa = PBXBuildFile; fileRef = B8D3F45F2B8A4C1300043027 /* ViewController.swift */; };
		B8D3F4632B8A4C1300043027 /* Main.storyboard in Resources */ = {isa = PBXBuildFile; fileRef = B8D3F4612B8A4C1300043027 /* Main.storyboard */; };
		B8D3F4652B8A4C1500043027 /* Assets.xcassets in Resources */ = {isa = PBXBuildFile; fileRef = B8D3F4642B8A4C1500043027 /* Assets.xcassets */; };
		B8D3F4682B8A4C1500043027 /* LaunchScreen.storyboard in Resources */ = {isa = PBXBuildFile; fileRef = B8D3F4662B8A4C1500043027 /* LaunchScreen.storyboard */; };
		B8D3F4892B8A4FC400043027 /* EssentialFeediOS.framework in Frameworks */ = {isa = PBXBuildFile; fileRef = B8D3F4862B8A4FC400043027 /* EssentialFeediOS.framework */; };
		B8D3F48A2B8A4FC400043027 /* EssentialFeediOS.framework in Embed Frameworks */ = {isa = PBXBuildFile; fileRef = B8D3F4862B8A4FC400043027 /* EssentialFeediOS.framework */; settings = {ATTRIBUTES = (CodeSignOnCopy, RemoveHeadersOnCopy, ); }; };
		B8D3F48B2B8A4FC400043027 /* EssentialFeedMacos.framework in Frameworks */ = {isa = PBXBuildFile; fileRef = B8D3F47E2B8A4FC400043027 /* EssentialFeedMacos.framework */; };
		B8D3F48C2B8A4FC400043027 /* EssentialFeedMacos.framework in Embed Frameworks */ = {isa = PBXBuildFile; fileRef = B8D3F47E2B8A4FC400043027 /* EssentialFeedMacos.framework */; settings = {ATTRIBUTES = (CodeSignOnCopy, RemoveHeadersOnCopy, ); }; };
/* End PBXBuildFile section */

/* Begin PBXContainerItemProxy section */
		B8D3F47D2B8A4FC400043027 /* PBXContainerItemProxy */ = {
			isa = PBXContainerItemProxy;
			containerPortal = B8D3F4712B8A4E7B00043027 /* EssentialFeedMacos.xcodeproj */;
			proxyType = 2;
			remoteGlobalIDString = B89CBA8B2AF55BBF003FA898;
			remoteInfo = EssentialFeedMacos;
		};
		B8D3F47F2B8A4FC400043027 /* PBXContainerItemProxy */ = {
			isa = PBXContainerItemProxy;
			containerPortal = B8D3F4712B8A4E7B00043027 /* EssentialFeedMacos.xcodeproj */;
			proxyType = 2;
			remoteGlobalIDString = B89CBA952AF55BBF003FA898;
			remoteInfo = EssentialFeedMacosTests;
		};
		B8D3F4812B8A4FC400043027 /* PBXContainerItemProxy */ = {
			isa = PBXContainerItemProxy;
			containerPortal = B8D3F4712B8A4E7B00043027 /* EssentialFeedMacos.xcodeproj */;
			proxyType = 2;
			remoteGlobalIDString = B8E308AE2AF65E840096291E;
			remoteInfo = EssentialFeedMacosAPIEndToEndTests;
		};
		B8D3F4832B8A4FC400043027 /* PBXContainerItemProxy */ = {
			isa = PBXContainerItemProxy;
			containerPortal = B8D3F4712B8A4E7B00043027 /* EssentialFeedMacos.xcodeproj */;
			proxyType = 2;
			remoteGlobalIDString = B83AA9772B20AF340067DD59;
			remoteInfo = EssentialFeedCacheIntegrationTests;
		};
		B8D3F4852B8A4FC400043027 /* PBXContainerItemProxy */ = {
			isa = PBXContainerItemProxy;
			containerPortal = B8D3F4712B8A4E7B00043027 /* EssentialFeedMacos.xcodeproj */;
			proxyType = 2;
			remoteGlobalIDString = B842F3502B4F448B00907F0C;
			remoteInfo = EssentialFeediOS;
		};
		B8D3F4872B8A4FC400043027 /* PBXContainerItemProxy */ = {
			isa = PBXContainerItemProxy;
			containerPortal = B8D3F4712B8A4E7B00043027 /* EssentialFeedMacos.xcodeproj */;
			proxyType = 2;
			remoteGlobalIDString = B842F3592B4F448B00907F0C;
			remoteInfo = EssentialFeediOSTests;
		};
/* End PBXContainerItemProxy section */

/* Begin PBXCopyFilesBuildPhase section */
		B8D3F48D2B8A4FC400043027 /* Embed Frameworks */ = {
			isa = PBXCopyFilesBuildPhase;
			buildActionMask = 2147483647;
			dstPath = "";
			dstSubfolderSpec = 10;
			files = (
				B8D3F48A2B8A4FC400043027 /* EssentialFeediOS.framework in Embed Frameworks */,
				B8D3F48C2B8A4FC400043027 /* EssentialFeedMacos.framework in Embed Frameworks */,
			);
			name = "Embed Frameworks";
			runOnlyForDeploymentPostprocessing = 0;
		};
/* End PBXCopyFilesBuildPhase section */

/* Begin PBXFileReference section */
		B8D3F4582B8A4C1300043027 /* EssentialApp.app */ = {isa = PBXFileReference; explicitFileType = wrapper.application; includeInIndex = 0; path = EssentialApp.app; sourceTree = BUILT_PRODUCTS_DIR; };
		B8D3F45B2B8A4C1300043027 /* AppDelegate.swift */ = {isa = PBXFileReference; lastKnownFileType = sourcecode.swift; path = AppDelegate.swift; sourceTree = "<group>"; };
		B8D3F45D2B8A4C1300043027 /* SceneDelegate.swift */ = {isa = PBXFileReference; lastKnownFileType = sourcecode.swift; path = SceneDelegate.swift; sourceTree = "<group>"; };
		B8D3F45F2B8A4C1300043027 /* ViewController.swift */ = {isa = PBXFileReference; lastKnownFileType = sourcecode.swift; path = ViewController.swift; sourceTree = "<group>"; };
		B8D3F4622B8A4C1300043027 /* Base */ = {isa = PBXFileReference; lastKnownFileType = file.storyboard; name = Base; path = Base.lproj/Main.storyboard; sourceTree = "<group>"; };
		B8D3F4642B8A4C1500043027 /* Assets.xcassets */ = {isa = PBXFileReference; lastKnownFileType = folder.assetcatalog; path = Assets.xcassets; sourceTree = "<group>"; };
		B8D3F4672B8A4C1500043027 /* Base */ = {isa = PBXFileReference; lastKnownFileType = file.storyboard; name = Base; path = Base.lproj/LaunchScreen.storyboard; sourceTree = "<group>"; };
		B8D3F4692B8A4C1500043027 /* Info.plist */ = {isa = PBXFileReference; lastKnownFileType = text.plist.xml; path = Info.plist; sourceTree = "<group>"; };
		B8D3F4712B8A4E7B00043027 /* EssentialFeedMacos.xcodeproj */ = {isa = PBXFileReference; lastKnownFileType = "wrapper.pb-project"; name = EssentialFeedMacos.xcodeproj; path = ../EssentialFeedMacos/EssentialFeedMacos.xcodeproj; sourceTree = "<group>"; };
/* End PBXFileReference section */

/* Begin PBXFrameworksBuildPhase section */
		B8D3F4552B8A4C1300043027 /* Frameworks */ = {
			isa = PBXFrameworksBuildPhase;
			buildActionMask = 2147483647;
			files = (
				B8D3F4892B8A4FC400043027 /* EssentialFeediOS.framework in Frameworks */,
				B8D3F48B2B8A4FC400043027 /* EssentialFeedMacos.framework in Frameworks */,
			);
			runOnlyForDeploymentPostprocessing = 0;
		};
/* End PBXFrameworksBuildPhase section */

/* Begin PBXGroup section */
		B8D3F44F2B8A4C1300043027 = {
			isa = PBXGroup;
			children = (
				B8D3F4712B8A4E7B00043027 /* EssentialFeedMacos.xcodeproj */,
				B8D3F45A2B8A4C1300043027 /* EssentialApp */,
				B8D3F4592B8A4C1300043027 /* Products */,
				B8D3F4762B8A4FC400043027 /* Frameworks */,
			);
			sourceTree = "<group>";
		};
		B8D3F4592B8A4C1300043027 /* Products */ = {
			isa = PBXGroup;
			children = (
				B8D3F4582B8A4C1300043027 /* EssentialApp.app */,
			);
			name = Products;
			sourceTree = "<group>";
		};
		B8D3F45A2B8A4C1300043027 /* EssentialApp */ = {
			isa = PBXGroup;
			children = (
				B8D3F45B2B8A4C1300043027 /* AppDelegate.swift */,
				B8D3F45D2B8A4C1300043027 /* SceneDelegate.swift */,
				B8D3F45F2B8A4C1300043027 /* ViewController.swift */,
				B8D3F4612B8A4C1300043027 /* Main.storyboard */,
				B8D3F4642B8A4C1500043027 /* Assets.xcassets */,
				B8D3F4662B8A4C1500043027 /* LaunchScreen.storyboard */,
				B8D3F4692B8A4C1500043027 /* Info.plist */,
			);
			path = EssentialApp;
			sourceTree = "<group>";
		};
		B8D3F4722B8A4E7B00043027 /* Products */ = {
			isa = PBXGroup;
			children = (
				B8D3F47E2B8A4FC400043027 /* EssentialFeedMacos.framework */,
				B8D3F4802B8A4FC400043027 /* EssentialFeedMacosTests.xctest */,
				B8D3F4822B8A4FC400043027 /* EssentialFeedMacosAPIEndToEndTests.xctest */,
				B8D3F4842B8A4FC400043027 /* EssentialFeedCacheIntegrationTests.xctest */,
				B8D3F4862B8A4FC400043027 /* EssentialFeediOS.framework */,
				B8D3F4882B8A4FC400043027 /* EssentialFeediOSTests.xctest */,
			);
			name = Products;
			sourceTree = "<group>";
		};
		B8D3F4762B8A4FC400043027 /* Frameworks */ = {
			isa = PBXGroup;
			children = (
			);
			name = Frameworks;
			sourceTree = "<group>";
		};
/* End PBXGroup section */

/* Begin PBXNativeTarget section */
		B8D3F4572B8A4C1300043027 /* EssentialApp */ = {
			isa = PBXNativeTarget;
			buildConfigurationList = B8D3F46C2B8A4C1500043027 /* Build configuration list for PBXNativeTarget "EssentialApp" */;
			buildPhases = (
				B8D3F4542B8A4C1300043027 /* Sources */,
				B8D3F4552B8A4C1300043027 /* Frameworks */,
				B8D3F4562B8A4C1300043027 /* Resources */,
				B8D3F48D2B8A4FC400043027 /* Embed Frameworks */,
			);
			buildRules = (
			);
			dependencies = (
			);
			name = EssentialApp;
			productName = EssentialApp;
			productReference = B8D3F4582B8A4C1300043027 /* EssentialApp.app */;
			productType = "com.apple.product-type.application";
		};
/* End PBXNativeTarget section */

/* Begin PBXProject section */
		B8D3F4502B8A4C1300043027 /* Project object */ = {
			isa = PBXProject;
			attributes = {
				BuildIndependentTargetsInParallel = 1;
				LastSwiftUpdateCheck = 1520;
				LastUpgradeCheck = 1520;
				TargetAttributes = {
					B8D3F4572B8A4C1300043027 = {
						CreatedOnToolsVersion = 15.2;
					};
				};
			};
			buildConfigurationList = B8D3F4532B8A4C1300043027 /* Build configuration list for PBXProject "EssentialApp" */;
			compatibilityVersion = "Xcode 14.0";
			developmentRegion = en;
			hasScannedForEncodings = 0;
			knownRegions = (
				en,
				Base,
			);
			mainGroup = B8D3F44F2B8A4C1300043027;
			productRefGroup = B8D3F4592B8A4C1300043027 /* Products */;
			projectDirPath = "";
			projectReferences = (
				{
					ProductGroup = B8D3F4722B8A4E7B00043027 /* Products */;
					ProjectRef = B8D3F4712B8A4E7B00043027 /* EssentialFeedMacos.xcodeproj */;
				},
			);
			projectRoot = "";
			targets = (
				B8D3F4572B8A4C1300043027 /* EssentialApp */,
			);
		};
/* End PBXProject section */

/* Begin PBXReferenceProxy section */
		B8D3F47E2B8A4FC400043027 /* EssentialFeedMacos.framework */ = {
			isa = PBXReferenceProxy;
			fileType = wrapper.framework;
			path = EssentialFeedMacos.framework;
			remoteRef = B8D3F47D2B8A4FC400043027 /* PBXContainerItemProxy */;
			sourceTree = BUILT_PRODUCTS_DIR;
		};
		B8D3F4802B8A4FC400043027 /* EssentialFeedMacosTests.xctest */ = {
			isa = PBXReferenceProxy;
			fileType = wrapper.cfbundle;
			path = EssentialFeedMacosTests.xctest;
			remoteRef = B8D3F47F2B8A4FC400043027 /* PBXContainerItemProxy */;
			sourceTree = BUILT_PRODUCTS_DIR;
		};
		B8D3F4822B8A4FC400043027 /* EssentialFeedMacosAPIEndToEndTests.xctest */ = {
			isa = PBXReferenceProxy;
			fileType = wrapper.cfbundle;
			path = EssentialFeedMacosAPIEndToEndTests.xctest;
			remoteRef = B8D3F4812B8A4FC400043027 /* PBXContainerItemProxy */;
			sourceTree = BUILT_PRODUCTS_DIR;
		};
		B8D3F4842B8A4FC400043027 /* EssentialFeedCacheIntegrationTests.xctest */ = {
			isa = PBXReferenceProxy;
			fileType = wrapper.cfbundle;
			path = EssentialFeedCacheIntegrationTests.xctest;
			remoteRef = B8D3F4832B8A4FC400043027 /* PBXContainerItemProxy */;
			sourceTree = BUILT_PRODUCTS_DIR;
		};
		B8D3F4862B8A4FC400043027 /* EssentialFeediOS.framework */ = {
			isa = PBXReferenceProxy;
			fileType = wrapper.framework;
			path = EssentialFeediOS.framework;
			remoteRef = B8D3F4852B8A4FC400043027 /* PBXContainerItemProxy */;
			sourceTree = BUILT_PRODUCTS_DIR;
		};
		B8D3F4882B8A4FC400043027 /* EssentialFeediOSTests.xctest */ = {
			isa = PBXReferenceProxy;
			fileType = wrapper.cfbundle;
			path = EssentialFeediOSTests.xctest;
			remoteRef = B8D3F4872B8A4FC400043027 /* PBXContainerItemProxy */;
			sourceTree = BUILT_PRODUCTS_DIR;
		};
/* End PBXReferenceProxy section */

/* Begin PBXResourcesBuildPhase section */
		B8D3F4562B8A4C1300043027 /* Resources */ = {
			isa = PBXResourcesBuildPhase;
			buildActionMask = 2147483647;
			files = (
				B8D3F4682B8A4C1500043027 /* LaunchScreen.storyboard in Resources */,
				B8D3F4652B8A4C1500043027 /* Assets.xcassets in Resources */,
				B8D3F4632B8A4C1300043027 /* Main.storyboard in Resources */,
			);
			runOnlyForDeploymentPostprocessing = 0;
		};
/* End PBXResourcesBuildPhase section */

/* Begin PBXSourcesBuildPhase section */
		B8D3F4542B8A4C1300043027 /* Sources */ = {
			isa = PBXSourcesBuildPhase;
			buildActionMask = 2147483647;
			files = (
				B8D3F4602B8A4C1300043027 /* ViewController.swift in Sources */,
				B8D3F45C2B8A4C1300043027 /* AppDelegate.swift in Sources */,
				B8D3F45E2B8A4C1300043027 /* SceneDelegate.swift in Sources */,
			);
			runOnlyForDeploymentPostprocessing = 0;
		};
/* End PBXSourcesBuildPhase section */

/* Begin PBXVariantGroup section */
		B8D3F4612B8A4C1300043027 /* Main.storyboard */ = {
			isa = PBXVariantGroup;
			children = (
				B8D3F4622B8A4C1300043027 /* Base */,
			);
			name = Main.storyboard;
			sourceTree = "<group>";
		};
		B8D3F4662B8A4C1500043027 /* LaunchScreen.storyboard */ = {
			isa = PBXVariantGroup;
			children = (
				B8D3F4672B8A4C1500043027 /* Base */,
			);
			name = LaunchScreen.storyboard;
			sourceTree = "<group>";
		};
/* End PBXVariantGroup section */

/* Begin XCBuildConfiguration section */
		B8D3F46A2B8A4C1500043027 /* Debug */ = {
			isa = XCBuildConfiguration;
			buildSettings = {
				ALWAYS_SEARCH_USER_PATHS = NO;
				ASSETCATALOG_COMPILER_GENERATE_SWIFT_ASSET_SYMBOL_EXTENSIONS = YES;
				CLANG_ANALYZER_NONNULL = YES;
				CLANG_ANALYZER_NUMBER_OBJECT_CONVERSION = YES_AGGRESSIVE;
				CLANG_CXX_LANGUAGE_STANDARD = "gnu++20";
				CLANG_ENABLE_MODULES = YES;
				CLANG_ENABLE_OBJC_ARC = YES;
				CLANG_ENABLE_OBJC_WEAK = YES;
				CLANG_WARN_BLOCK_CAPTURE_AUTORELEASING = YES;
				CLANG_WARN_BOOL_CONVERSION = YES;
				CLANG_WARN_COMMA = YES;
				CLANG_WARN_CONSTANT_CONVERSION = YES;
				CLANG_WARN_DEPRECATED_OBJC_IMPLEMENTATIONS = YES;
				CLANG_WARN_DIRECT_OBJC_ISA_USAGE = YES_ERROR;
				CLANG_WARN_DOCUMENTATION_COMMENTS = YES;
				CLANG_WARN_EMPTY_BODY = YES;
				CLANG_WARN_ENUM_CONVERSION = YES;
				CLANG_WARN_INFINITE_RECURSION = YES;
				CLANG_WARN_INT_CONVERSION = YES;
				CLANG_WARN_NON_LITERAL_NULL_CONVERSION = YES;
				CLANG_WARN_OBJC_IMPLICIT_RETAIN_SELF = YES;
				CLANG_WARN_OBJC_LITERAL_CONVERSION = YES;
				CLANG_WARN_OBJC_ROOT_CLASS = YES_ERROR;
				CLANG_WARN_QUOTED_INCLUDE_IN_FRAMEWORK_HEADER = YES;
				CLANG_WARN_RANGE_LOOP_ANALYSIS = YES;
				CLANG_WARN_STRICT_PROTOTYPES = YES;
				CLANG_WARN_SUSPICIOUS_MOVE = YES;
				CLANG_WARN_UNGUARDED_AVAILABILITY = YES_AGGRESSIVE;
				CLANG_WARN_UNREACHABLE_CODE = YES;
				CLANG_WARN__DUPLICATE_METHOD_MATCH = YES;
				COPY_PHASE_STRIP = NO;
				DEBUG_INFORMATION_FORMAT = dwarf;
				ENABLE_STRICT_OBJC_MSGSEND = YES;
				ENABLE_TESTABILITY = YES;
				ENABLE_USER_SCRIPT_SANDBOXING = YES;
				GCC_C_LANGUAGE_STANDARD = gnu17;
				GCC_DYNAMIC_NO_PIC = NO;
				GCC_NO_COMMON_BLOCKS = YES;
				GCC_OPTIMIZATION_LEVEL = 0;
				GCC_PREPROCESSOR_DEFINITIONS = (
					"DEBUG=1",
					"$(inherited)",
				);
				GCC_WARN_64_TO_32_BIT_CONVERSION = YES;
				GCC_WARN_ABOUT_RETURN_TYPE = YES_ERROR;
				GCC_WARN_UNDECLARED_SELECTOR = YES;
				GCC_WARN_UNINITIALIZED_AUTOS = YES_AGGRESSIVE;
				GCC_WARN_UNUSED_FUNCTION = YES;
				GCC_WARN_UNUSED_VARIABLE = YES;
				IPHONEOS_DEPLOYMENT_TARGET = 17.2;
				LOCALIZATION_PREFERS_STRING_CATALOGS = YES;
				MTL_ENABLE_DEBUG_INFO = INCLUDE_SOURCE;
				MTL_FAST_MATH = YES;
				ONLY_ACTIVE_ARCH = YES;
				SDKROOT = iphoneos;
				SWIFT_ACTIVE_COMPILATION_CONDITIONS = "DEBUG $(inherited)";
				SWIFT_OPTIMIZATION_LEVEL = "-Onone";
			};
			name = Debug;
		};
		B8D3F46B2B8A4C1500043027 /* Release */ = {
			isa = XCBuildConfiguration;
			buildSettings = {
				ALWAYS_SEARCH_USER_PATHS = NO;
				ASSETCATALOG_COMPILER_GENERATE_SWIFT_ASSET_SYMBOL_EXTENSIONS = YES;
				CLANG_ANALYZER_NONNULL = YES;
				CLANG_ANALYZER_NUMBER_OBJECT_CONVERSION = YES_AGGRESSIVE;
				CLANG_CXX_LANGUAGE_STANDARD = "gnu++20";
				CLANG_ENABLE_MODULES = YES;
				CLANG_ENABLE_OBJC_ARC = YES;
				CLANG_ENABLE_OBJC_WEAK = YES;
				CLANG_WARN_BLOCK_CAPTURE_AUTORELEASING = YES;
				CLANG_WARN_BOOL_CONVERSION = YES;
				CLANG_WARN_COMMA = YES;
				CLANG_WARN_CONSTANT_CONVERSION = YES;
				CLANG_WARN_DEPRECATED_OBJC_IMPLEMENTATIONS = YES;
				CLANG_WARN_DIRECT_OBJC_ISA_USAGE = YES_ERROR;
				CLANG_WARN_DOCUMENTATION_COMMENTS = YES;
				CLANG_WARN_EMPTY_BODY = YES;
				CLANG_WARN_ENUM_CONVERSION = YES;
				CLANG_WARN_INFINITE_RECURSION = YES;
				CLANG_WARN_INT_CONVERSION = YES;
				CLANG_WARN_NON_LITERAL_NULL_CONVERSION = YES;
				CLANG_WARN_OBJC_IMPLICIT_RETAIN_SELF = YES;
				CLANG_WARN_OBJC_LITERAL_CONVERSION = YES;
				CLANG_WARN_OBJC_ROOT_CLASS = YES_ERROR;
				CLANG_WARN_QUOTED_INCLUDE_IN_FRAMEWORK_HEADER = YES;
				CLANG_WARN_RANGE_LOOP_ANALYSIS = YES;
				CLANG_WARN_STRICT_PROTOTYPES = YES;
				CLANG_WARN_SUSPICIOUS_MOVE = YES;
				CLANG_WARN_UNGUARDED_AVAILABILITY = YES_AGGRESSIVE;
				CLANG_WARN_UNREACHABLE_CODE = YES;
				CLANG_WARN__DUPLICATE_METHOD_MATCH = YES;
				COPY_PHASE_STRIP = NO;
				DEBUG_INFORMATION_FORMAT = "dwarf-with-dsym";
				ENABLE_NS_ASSERTIONS = NO;
				ENABLE_STRICT_OBJC_MSGSEND = YES;
				ENABLE_USER_SCRIPT_SANDBOXING = YES;
				GCC_C_LANGUAGE_STANDARD = gnu17;
				GCC_NO_COMMON_BLOCKS = YES;
				GCC_WARN_64_TO_32_BIT_CONVERSION = YES;
				GCC_WARN_ABOUT_RETURN_TYPE = YES_ERROR;
				GCC_WARN_UNDECLARED_SELECTOR = YES;
				GCC_WARN_UNINITIALIZED_AUTOS = YES_AGGRESSIVE;
				GCC_WARN_UNUSED_FUNCTION = YES;
				GCC_WARN_UNUSED_VARIABLE = YES;
				IPHONEOS_DEPLOYMENT_TARGET = 17.2;
				LOCALIZATION_PREFERS_STRING_CATALOGS = YES;
				MTL_ENABLE_DEBUG_INFO = NO;
				MTL_FAST_MATH = YES;
				SDKROOT = iphoneos;
				SWIFT_COMPILATION_MODE = wholemodule;
				VALIDATE_PRODUCT = YES;
			};
			name = Release;
		};
		B8D3F46D2B8A4C1500043027 /* Debug */ = {
			isa = XCBuildConfiguration;
			buildSettings = {
				ASSETCATALOG_COMPILER_APPICON_NAME = AppIcon;
				ASSETCATALOG_COMPILER_GLOBAL_ACCENT_COLOR_NAME = AccentColor;
				CODE_SIGN_STYLE = Automatic;
				CURRENT_PROJECT_VERSION = 1;
				DEVELOPMENT_TEAM = B9QUW9Z84N;
				GENERATE_INFOPLIST_FILE = YES;
				INFOPLIST_FILE = EssentialApp/Info.plist;
				INFOPLIST_KEY_UIApplicationSupportsIndirectInputEvents = YES;
				INFOPLIST_KEY_UILaunchStoryboardName = LaunchScreen;
				INFOPLIST_KEY_UIMainStoryboardFile = Main;
				INFOPLIST_KEY_UISupportedInterfaceOrientations = UIInterfaceOrientationPortrait;
				LD_RUNPATH_SEARCH_PATHS = (
					"$(inherited)",
					"@executable_path/Frameworks",
				);
				MARKETING_VERSION = 1.0;
				PRODUCT_BUNDLE_IDENTIFIER = TexnoPos.EssentialApp;
				PRODUCT_NAME = "$(TARGET_NAME)";
				SWIFT_EMIT_LOC_STRINGS = YES;
				SWIFT_VERSION = 5.0;
				TARGETED_DEVICE_FAMILY = "1,2";
			};
			name = Debug;
		};
		B8D3F46E2B8A4C1500043027 /* Release */ = {
			isa = XCBuildConfiguration;
			buildSettings = {
				ASSETCATALOG_COMPILER_APPICON_NAME = AppIcon;
				ASSETCATALOG_COMPILER_GLOBAL_ACCENT_COLOR_NAME = AccentColor;
				CODE_SIGN_STYLE = Automatic;
				CURRENT_PROJECT_VERSION = 1;
				DEVELOPMENT_TEAM = B9QUW9Z84N;
				GENERATE_INFOPLIST_FILE = YES;
				INFOPLIST_FILE = EssentialApp/Info.plist;
				INFOPLIST_KEY_UIApplicationSupportsIndirectInputEvents = YES;
				INFOPLIST_KEY_UILaunchStoryboardName = LaunchScreen;
				INFOPLIST_KEY_UIMainStoryboardFile = Main;
				INFOPLIST_KEY_UISupportedInterfaceOrientations = UIInterfaceOrientationPortrait;
				LD_RUNPATH_SEARCH_PATHS = (
					"$(inherited)",
					"@executable_path/Frameworks",
				);
				MARKETING_VERSION = 1.0;
				PRODUCT_BUNDLE_IDENTIFIER = TexnoPos.EssentialApp;
				PRODUCT_NAME = "$(TARGET_NAME)";
				SWIFT_EMIT_LOC_STRINGS = YES;
				SWIFT_VERSION = 5.0;
				TARGETED_DEVICE_FAMILY = "1,2";
			};
			name = Release;
		};
/* End XCBuildConfiguration section */

/* Begin XCConfigurationList section */
		B8D3F4532B8A4C1300043027 /* Build configuration list for PBXProject "EssentialApp" */ = {
			isa = XCConfigurationList;
			buildConfigurations = (
				B8D3F46A2B8A4C1500043027 /* Debug */,
				B8D3F46B2B8A4C1500043027 /* Release */,
			);
			defaultConfigurationIsVisible = 0;
			defaultConfigurationName = Release;
		};
		B8D3F46C2B8A4C1500043027 /* Build configuration list for PBXNativeTarget "EssentialApp" */ = {
			isa = XCConfigurationList;
			buildConfigurations = (
				B8D3F46D2B8A4C1500043027 /* Debug */,
				B8D3F46E2B8A4C1500043027 /* Release */,
			);
			defaultConfigurationIsVisible = 0;
			defaultConfigurationName = Release;
		};
/* End XCConfigurationList section */
	};
	rootObject = B8D3F4502B8A4C1300043027 /* Project object */;
}
